{
  "name": "react-locustjs-locator",
  "version": "1.0.0",
  "lockfileVersion": 1,
  "requires": true,
  "dependencies": {
    "js-tokens": {
      "version": "4.0.0",
      "resolved": "https://registry.npmjs.org/js-tokens/-/js-tokens-4.0.0.tgz",
      "integrity": "sha512-RdJUflcE3cUzKiMqQgsCu06FPu9UdIJO0beYbPhHN4k6apgJtifcoCtT9bcxOpYBtpD2kCM6Sbzg4CausW/PKQ=="
    },
    "locustjs-base": {
      "version": "1.0.11",
      "resolved": "https://registry.npmjs.org/locustjs-base/-/locustjs-base-1.0.11.tgz",
      "integrity": "sha512-E98/FwDxuOkoCpMSs1QIQp/yUrI/jVjxgdCyZPV7p07gUHxN3UrR0x8aLml5sp9kFfQa9pbbDRpxK+zjY7+Cxw=="
    },
    "locustjs-enum": {
      "version": "1.0.1",
      "resolved": "https://registry.npmjs.org/locustjs-enum/-/locustjs-enum-1.0.1.tgz",
      "integrity": "sha512-6MDcVu4/MNSSbgwPNmTaQKdqBsQZ8PvHX+7qHSdhnj40RBxWObe7NPp/vbWHxeGkN6UuY61lHFITIQqIvp+Row==",
      "requires": {
        "locustjs-base": "^1.0.9"
      }
    },
    "locustjs-exception": {
      "version": "1.0.2",
      "resolved": "https://registry.npmjs.org/locustjs-exception/-/locustjs-exception-1.0.2.tgz",
      "integrity": "sha512-B3WvoixE7l+Ja1ntZ61qQ6CDbjv0ZZKE+g3znSryly0nbZRYUpXvnJu0L5WLVGLPYiaFU16rAU51S4t81u17bg==",
      "requires": {
        "locustjs-base": "^1.0.9"
      }
    },
    "locustjs-locator": {
      "version": "1.0.7",
      "resolved": "https://registry.npmjs.org/locustjs-locator/-/locustjs-locator-1.0.7.tgz",
      "integrity": "sha512-9Kso7mjzhGNdAGJo/MWb7redlqeALZPNJxF7mOVs84MkY8cVO9sy66m17vlLNxhchIm0gpZCm5qUmXkLOczkfg==",
      "requires": {
        "locustjs-base": "^1.0.5",
        "locustjs-enum": "^1.0.1",
        "locustjs-exception": "^1.0.1"
      }
    },
    "loose-envify": {
      "version": "1.4.0",
      "resolved": "https://registry.npmjs.org/loose-envify/-/loose-envify-1.4.0.tgz",
      "integrity": "sha512-lyuxPGr/Wfhrlem2CL/UcnUc1zcqKAImBDzukY7Y5F/yQiNdko6+fRLevlw1HgMySw7f611UIY408EtxRSoK3Q==",
      "requires": {
        "js-tokens": "^3.0.0 || ^4.0.0"
      }
    },
    "object-assign": {
      "version": "4.1.1",
      "resolved": "https://registry.npmjs.org/object-assign/-/object-assign-4.1.1.tgz",
      "integrity": "sha1-IQmtx5ZYh8/AXLvUQsrIv7s2CGM="
    },
    "react": {
      "version": "17.0.1",
      "resolved": "https://registry.npmjs.org/react/-/react-17.0.1.tgz",
      "integrity": "sha512-lG9c9UuMHdcAexXtigOZLX8exLWkW0Ku29qPRU8uhF2R9BN96dLCt0psvzPLlHc5OWkgymP3qwTRgbnw5BKx3w==",
      "requires": {
        "loose-envify": "^1.1.0",
        "object-assign": "^4.1.1"
      }
    }
  }
}
